
Microsoft Visual Studio Solution File, Format Version 12.00
# Visual Studio 15
VisualStudioVersion = 15.0.28307.852
MinimumVisualStudioVersion = 10.0.40219.1
Project("{FAE04EC0-301F-11D3-BF4B-00C04F79EFBC}") = "JobPageDevFest", "JobPageDevFest\JobPageDevFest.csproj", "{B88A53A9-A2FA-4CCC-913F-D1919004971C}"
EndProject
Global
	GlobalSection(SolutionConfigurationPlatforms) = preSolution
		Alerta_SOTI_10m|Any CPU = Alerta_SOTI_10m|Any CPU
		Alerta_SOTI_30m|Any CPU = Alerta_SOTI_30m|Any CPU
		AlertaRegistroPontoBloqueio|Any CPU = AlertaRegistroPontoBloqueio|Any CPU
		AtualizaGeoColaboradores|Any CPU = AtualizaGeoColaboradores|Any CPU
		AtualizaGeoCoordenadaClientes|Any CPU = AtualizaGeoCoordenadaClientes|Any CPU
		AtualizaGeolocalizacaoColaboradores|Any CPU = AtualizaGeolocalizacaoColaboradores|Any CPU
		AtualizaGeolocalizacaoFiliais|Any CPU = AtualizaGeolocalizacaoFiliais|Any CPU
		AtualizaGrupoSOTI|Any CPU = AtualizaGrupoSOTI|Any CPU
		AtualizaProjecaoLocomocao|Any CPU = AtualizaProjecaoLocomocao|Any CPU
		BloquearLocalizacaoCliente|Any CPU = BloquearLocalizacaoCliente|Any CPU
		BloqueioHorarioSOTI|Any CPU = BloqueioHorarioSOTI|Any CPU
		CancelaVenda|Any CPU = CancelaVenda|Any CPU
		ChamadoAgendamento|Any CPU = ChamadoAgendamento|Any CPU
		Cobranca|Any CPU = Cobranca|Any CPU
		Debug|Any CPU = Debug|Any CPU
		EncerraChamado|Any CPU = EncerraChamado|Any CPU
		GeraCobranca|Any CPU = GeraCobranca|Any CPU
		GeradorChamadoRotaDinamica|Any CPU = GeradorChamadoRotaDinamica|Any CPU
		GeradorEmailProdutosSemCadastro|Any CPU = GeradorEmailProdutosSemCadastro|Any CPU
		InjetorAluguel|Any CPU = InjetorAluguel|Any CPU
		IntegrarDescontosSGV|Any CPU = IntegrarDescontosSGV|Any CPU
		JobAtualizaQuilometragemRota|Any CPU = JobAtualizaQuilometragemRota|Any CPU
		JobPopulaTabelaDistanciaCliente|Any CPU = JobPopulaTabelaDistanciaCliente|Any CPU
		JobPopulaTabelaDistanciaRotaRealizada|Any CPU = JobPopulaTabelaDistanciaRotaRealizada|Any CPU
		LembreteChamado|Any CPU = LembreteChamado|Any CPU
		Pistolagem|Any CPU = Pistolagem|Any CPU
		Planner|Any CPU = Planner|Any CPU
		ProcessaKmPlanejadoBase|Any CPU = ProcessaKmPlanejadoBase|Any CPU
		ProcessaKmRota|Any CPU = ProcessaKmRota|Any CPU
		Release|Any CPU = Release|Any CPU
		TelemetriaLocalizacaoSOTI|Any CPU = TelemetriaLocalizacaoSOTI|Any CPU
		VendasAppEnrtregador|Any CPU = VendasAppEnrtregador|Any CPU
		VerificaLancamentoFundoFixo|Any CPU = VerificaLancamentoFundoFixo|Any CPU
	EndGlobalSection
	GlobalSection(ProjectConfigurationPlatforms) = postSolution
		{B88A53A9-A2FA-4CCC-913F-D1919004971C}.Alerta_SOTI_10m|Any CPU.ActiveCfg = Release|Any CPU
		{B88A53A9-A2FA-4CCC-913F-D1919004971C}.Alerta_SOTI_10m|Any CPU.Build.0 = Release|Any CPU
		{B88A53A9-A2FA-4CCC-913F-D1919004971C}.Alerta_SOTI_30m|Any CPU.ActiveCfg = Release|Any CPU
		{B88A53A9-A2FA-4CCC-913F-D1919004971C}.Alerta_SOTI_30m|Any CPU.Build.0 = Release|Any CPU
		{B88A53A9-A2FA-4CCC-913F-D1919004971C}.AlertaRegistroPontoBloqueio|Any CPU.ActiveCfg = Release|Any CPU
		{B88A53A9-A2FA-4CCC-913F-D1919004971C}.AlertaRegistroPontoBloqueio|Any CPU.Build.0 = Release|Any CPU
		{B88A53A9-A2FA-4CCC-913F-D1919004971C}.AtualizaGeoColaboradores|Any CPU.ActiveCfg = Release|Any CPU
		{B88A53A9-A2FA-4CCC-913F-D1919004971C}.AtualizaGeoColaboradores|Any CPU.Build.0 = Release|Any CPU
		{B88A53A9-A2FA-4CCC-913F-D1919004971C}.AtualizaGeoCoordenadaClientes|Any CPU.ActiveCfg = Release|Any CPU
		{B88A53A9-A2FA-4CCC-913F-D1919004971C}.AtualizaGeoCoordenadaClientes|Any CPU.Build.0 = Release|Any CPU
		{B88A53A9-A2FA-4CCC-913F-D1919004971C}.AtualizaGeolocalizacaoColaboradores|Any CPU.ActiveCfg = Release|Any CPU
		{B88A53A9-A2FA-4CCC-913F-D1919004971C}.AtualizaGeolocalizacaoColaboradores|Any CPU.Build.0 = Release|Any CPU
		{B88A53A9-A2FA-4CCC-913F-D1919004971C}.AtualizaGeolocalizacaoFiliais|Any CPU.ActiveCfg = Release|Any CPU
		{B88A53A9-A2FA-4CCC-913F-D1919004971C}.AtualizaGeolocalizacaoFiliais|Any CPU.Build.0 = Release|Any CPU
		{B88A53A9-A2FA-4CCC-913F-D1919004971C}.AtualizaGrupoSOTI|Any CPU.ActiveCfg = Release|Any CPU
		{B88A53A9-A2FA-4CCC-913F-D1919004971C}.AtualizaGrupoSOTI|Any CPU.Build.0 = Release|Any CPU
		{B88A53A9-A2FA-4CCC-913F-D1919004971C}.AtualizaProjecaoLocomocao|Any CPU.ActiveCfg = Release|Any CPU
		{B88A53A9-A2FA-4CCC-913F-D1919004971C}.AtualizaProjecaoLocomocao|Any CPU.Build.0 = Release|Any CPU
		{B88A53A9-A2FA-4CCC-913F-D1919004971C}.BloquearLocalizacaoCliente|Any CPU.ActiveCfg = Release|Any CPU
		{B88A53A9-A2FA-4CCC-913F-D1919004971C}.BloquearLocalizacaoCliente|Any CPU.Build.0 = Release|Any CPU
		{B88A53A9-A2FA-4CCC-913F-D1919004971C}.BloqueioHorarioSOTI|Any CPU.ActiveCfg = Release|Any CPU
		{B88A53A9-A2FA-4CCC-913F-D1919004971C}.BloqueioHorarioSOTI|Any CPU.Build.0 = Release|Any CPU
		{B88A53A9-A2FA-4CCC-913F-D1919004971C}.CancelaVenda|Any CPU.ActiveCfg = Release|Any CPU
		{B88A53A9-A2FA-4CCC-913F-D1919004971C}.CancelaVenda|Any CPU.Build.0 = Release|Any CPU
		{B88A53A9-A2FA-4CCC-913F-D1919004971C}.ChamadoAgendamento|Any CPU.ActiveCfg = Release|Any CPU
		{B88A53A9-A2FA-4CCC-913F-D1919004971C}.ChamadoAgendamento|Any CPU.Build.0 = Release|Any CPU
		{B88A53A9-A2FA-4CCC-913F-D1919004971C}.Cobranca|Any CPU.ActiveCfg = Release|Any CPU
		{B88A53A9-A2FA-4CCC-913F-D1919004971C}.Cobranca|Any CPU.Build.0 = Release|Any CPU
		{B88A53A9-A2FA-4CCC-913F-D1919004971C}.Debug|Any CPU.ActiveCfg = Debug|Any CPU
		{B88A53A9-A2FA-4CCC-913F-D1919004971C}.Debug|Any CPU.Build.0 = Debug|Any CPU
		{B88A53A9-A2FA-4CCC-913F-D1919004971C}.EncerraChamado|Any CPU.ActiveCfg = Release|Any CPU
		{B88A53A9-A2FA-4CCC-913F-D1919004971C}.EncerraChamado|Any CPU.Build.0 = Release|Any CPU
		{B88A53A9-A2FA-4CCC-913F-D1919004971C}.GeraCobranca|Any CPU.ActiveCfg = Release|Any CPU
		{B88A53A9-A2FA-4CCC-913F-D1919004971C}.GeraCobranca|Any CPU.Build.0 = Release|Any CPU
		{B88A53A9-A2FA-4CCC-913F-D1919004971C}.GeradorChamadoRotaDinamica|Any CPU.ActiveCfg = Release|Any CPU
		{B88A53A9-A2FA-4CCC-913F-D1919004971C}.GeradorChamadoRotaDinamica|Any CPU.Build.0 = Release|Any CPU
		{B88A53A9-A2FA-4CCC-913F-D1919004971C}.GeradorEmailProdutosSemCadastro|Any CPU.ActiveCfg = Release|Any CPU
		{B88A53A9-A2FA-4CCC-913F-D1919004971C}.GeradorEmailProdutosSemCadastro|Any CPU.Build.0 = Release|Any CPU
		{B88A53A9-A2FA-4CCC-913F-D1919004971C}.InjetorAluguel|Any CPU.ActiveCfg = Release|Any CPU
		{B88A53A9-A2FA-4CCC-913F-D1919004971C}.InjetorAluguel|Any CPU.Build.0 = Release|Any CPU
		{B88A53A9-A2FA-4CCC-913F-D1919004971C}.IntegrarDescontosSGV|Any CPU.ActiveCfg = Release|Any CPU
		{B88A53A9-A2FA-4CCC-913F-D1919004971C}.IntegrarDescontosSGV|Any CPU.Build.0 = Release|Any CPU
		{B88A53A9-A2FA-4CCC-913F-D1919004971C}.JobAtualizaQuilometragemRota|Any CPU.ActiveCfg = Release|Any CPU
		{B88A53A9-A2FA-4CCC-913F-D1919004971C}.JobAtualizaQuilometragemRota|Any CPU.Build.0 = Release|Any CPU
		{B88A53A9-A2FA-4CCC-913F-D1919004971C}.JobPopulaTabelaDistanciaCliente|Any CPU.ActiveCfg = Release|Any CPU
		{B88A53A9-A2FA-4CCC-913F-D1919004971C}.JobPopulaTabelaDistanciaCliente|Any CPU.Build.0 = Release|Any CPU
		{B88A53A9-A2FA-4CCC-913F-D1919004971C}.JobPopulaTabelaDistanciaRotaRealizada|Any CPU.ActiveCfg = Release|Any CPU
		{B88A53A9-A2FA-4CCC-913F-D1919004971C}.JobPopulaTabelaDistanciaRotaRealizada|Any CPU.Build.0 = Release|Any CPU
		{B88A53A9-A2FA-4CCC-913F-D1919004971C}.LembreteChamado|Any CPU.ActiveCfg = Release|Any CPU
		{B88A53A9-A2FA-4CCC-913F-D1919004971C}.LembreteChamado|Any CPU.Build.0 = Release|Any CPU
		{B88A53A9-A2FA-4CCC-913F-D1919004971C}.Pistolagem|Any CPU.ActiveCfg = Release|Any CPU
		{B88A53A9-A2FA-4CCC-913F-D1919004971C}.Pistolagem|Any CPU.Build.0 = Release|Any CPU
		{B88A53A9-A2FA-4CCC-913F-D1919004971C}.Planner|Any CPU.ActiveCfg = Release|Any CPU
		{B88A53A9-A2FA-4CCC-913F-D1919004971C}.Planner|Any CPU.Build.0 = Release|Any CPU
		{B88A53A9-A2FA-4CCC-913F-D1919004971C}.ProcessaKmPlanejadoBase|Any CPU.ActiveCfg = Release|Any CPU
		{B88A53A9-A2FA-4CCC-913F-D1919004971C}.ProcessaKmPlanejadoBase|Any CPU.Build.0 = Release|Any CPU
		{B88A53A9-A2FA-4CCC-913F-D1919004971C}.ProcessaKmRota|Any CPU.ActiveCfg = Release|Any CPU
		{B88A53A9-A2FA-4CCC-913F-D1919004971C}.ProcessaKmRota|Any CPU.Build.0 = Release|Any CPU
		{B88A53A9-A2FA-4CCC-913F-D1919004971C}.Release|Any CPU.ActiveCfg = Release|Any CPU
		{B88A53A9-A2FA-4CCC-913F-D1919004971C}.Release|Any CPU.Build.0 = Release|Any CPU
		{B88A53A9-A2FA-4CCC-913F-D1919004971C}.TelemetriaLocalizacaoSOTI|Any CPU.ActiveCfg = Release|Any CPU
		{B88A53A9-A2FA-4CCC-913F-D1919004971C}.TelemetriaLocalizacaoSOTI|Any CPU.Build.0 = Release|Any CPU
		{B88A53A9-A2FA-4CCC-913F-D1919004971C}.VendasAppEnrtregador|Any CPU.ActiveCfg = Release|Any CPU
		{B88A53A9-A2FA-4CCC-913F-D1919004971C}.VendasAppEnrtregador|Any CPU.Build.0 = Release|Any CPU
		{B88A53A9-A2FA-4CCC-913F-D1919004971C}.VerificaLancamentoFundoFixo|Any CPU.ActiveCfg = Release|Any CPU
		{B88A53A9-A2FA-4CCC-913F-D1919004971C}.VerificaLancamentoFundoFixo|Any CPU.Build.0 = Release|Any CPU
	EndGlobalSection
	GlobalSection(SolutionProperties) = preSolution
		HideSolutionNode = FALSE
	EndGlobalSection
	GlobalSection(ExtensibilityGlobals) = postSolution
		SolutionGuid = {C54E35C7-2CF7-48EF-B91D-B7DA0AF55B6C}
	EndGlobalSection
EndGlobal
