
Microsoft Visual Studio Solution File, Format Version 12.00
# Visual Studio 15
VisualStudioVersion = 15.0.28307.852
MinimumVisualStudioVersion = 10.0.40219.1
Project("{FAE04EC0-301F-11D3-BF4B-00C04F79EFBC}") = "JobPageDevFest", "JobPageDevFest\JobPageDevFest.csproj", "{B88A53A9-A2FA-4CCC-913F-D1919004971C}"
EndProject
Project("{FAE04EC0-301F-11D3-BF4B-00C04F79EFBC}") = "Utilidades", "..\..\Workspaces\Projetos\Dev\Utilidades\Utilidades.csproj", "{A7BE34EF-E958-426C-B5BC-0844084F7E72}"
EndProject
Global
	GlobalSection(SolutionConfigurationPlatforms) = preSolution
		Alerta_SOTI_10m|Any CPU = Alerta_SOTI_10m|Any CPU
		Alerta_SOTI_30m|Any CPU = Alerta_SOTI_30m|Any CPU
		AlertaRegistroPontoBloqueio|Any CPU = AlertaRegistroPontoBloqueio|Any CPU
		AtualizaGeoColaboradores|Any CPU = AtualizaGeoColaboradores|Any CPU
		AtualizaGeoCoordenadaClientes|Any CPU = AtualizaGeoCoordenadaClientes|Any CPU
		AtualizaGeolocalizacaoColaboradores|Any CPU = AtualizaGeolocalizacaoColaboradores|Any CPU
		AtualizaGeolocalizacaoFiliais|Any CPU = AtualizaGeolocalizacaoFiliais|Any CPU
		AtualizaGrupoSOTI|Any CPU = AtualizaGrupoSOTI|Any CPU
		AtualizaProjecaoLocomocao|Any CPU = AtualizaProjecaoLocomocao|Any CPU
		BloquearLocalizacaoCliente|Any CPU = BloquearLocalizacaoCliente|Any CPU
		BloqueioHorarioSOTI|Any CPU = BloqueioHorarioSOTI|Any CPU
		CancelaVenda|Any CPU = CancelaVenda|Any CPU
		ChamadoAgendamento|Any CPU = ChamadoAgendamento|Any CPU
		Cobranca|Any CPU = Cobranca|Any CPU
		Debug|Any CPU = Debug|Any CPU
		EncerraChamado|Any CPU = EncerraChamado|Any CPU
		GeraCobranca|Any CPU = GeraCobranca|Any CPU
		GeradorChamadoRotaDinamica|Any CPU = GeradorChamadoRotaDinamica|Any CPU
		GeradorEmailProdutosSemCadastro|Any CPU = GeradorEmailProdutosSemCadastro|Any CPU
		InjetorAluguel|Any CPU = InjetorAluguel|Any CPU
		IntegrarDescontosSGV|Any CPU = IntegrarDescontosSGV|Any CPU
		JobAtualizaQuilometragemRota|Any CPU = JobAtualizaQuilometragemRota|Any CPU
		JobPopulaTabelaDistanciaCliente|Any CPU = JobPopulaTabelaDistanciaCliente|Any CPU
		JobPopulaTabelaDistanciaRotaRealizada|Any CPU = JobPopulaTabelaDistanciaRotaRealizada|Any CPU
		LembreteChamado|Any CPU = LembreteChamado|Any CPU
		Pistolagem|Any CPU = Pistolagem|Any CPU
		Planner|Any CPU = Planner|Any CPU
		ProcessaKmPlanejadoBase|Any CPU = ProcessaKmPlanejadoBase|Any CPU
		ProcessaKmRota|Any CPU = ProcessaKmRota|Any CPU
		Release|Any CPU = Release|Any CPU
		TelemetriaLocalizacaoSOTI|Any CPU = TelemetriaLocalizacaoSOTI|Any CPU
		VendasAppEnrtregador|Any CPU = VendasAppEnrtregador|Any CPU
		VerificaLancamentoFundoFixo|Any CPU = VerificaLancamentoFundoFixo|Any CPU
	EndGlobalSection
	GlobalSection(ProjectConfigurationPlatforms) = postSolution
		{B88A53A9-A2FA-4CCC-913F-D1919004971C}.Alerta_SOTI_10m|Any CPU.ActiveCfg = Release|Any CPU
		{B88A53A9-A2FA-4CCC-913F-D1919004971C}.Alerta_SOTI_10m|Any CPU.Build.0 = Release|Any CPU
		{B88A53A9-A2FA-4CCC-913F-D1919004971C}.Alerta_SOTI_30m|Any CPU.ActiveCfg = Release|Any CPU
		{B88A53A9-A2FA-4CCC-913F-D1919004971C}.Alerta_SOTI_30m|Any CPU.Build.0 = Release|Any CPU
		{B88A53A9-A2FA-4CCC-913F-D1919004971C}.AlertaRegistroPontoBloqueio|Any CPU.ActiveCfg = Release|Any CPU
		{B88A53A9-A2FA-4CCC-913F-D1919004971C}.AlertaRegistroPontoBloqueio|Any CPU.Build.0 = Release|Any CPU
		{B88A53A9-A2FA-4CCC-913F-D1919004971C}.AtualizaGeoColaboradores|Any CPU.ActiveCfg = Release|Any CPU
		{B88A53A9-A2FA-4CCC-913F-D1919004971C}.AtualizaGeoColaboradores|Any CPU.Build.0 = Release|Any CPU
		{B88A53A9-A2FA-4CCC-913F-D1919004971C}.AtualizaGeoCoordenadaClientes|Any CPU.ActiveCfg = Release|Any CPU
		{B88A53A9-A2FA-4CCC-913F-D1919004971C}.AtualizaGeoCoordenadaClientes|Any CPU.Build.0 = Release|Any CPU
		{B88A53A9-A2FA-4CCC-913F-D1919004971C}.AtualizaGeolocalizacaoColaboradores|Any CPU.ActiveCfg = Release|Any CPU
		{B88A53A9-A2FA-4CCC-913F-D1919004971C}.AtualizaGeolocalizacaoColaboradores|Any CPU.Build.0 = Release|Any CPU
		{B88A53A9-A2FA-4CCC-913F-D1919004971C}.AtualizaGeolocalizacaoFiliais|Any CPU.ActiveCfg = Release|Any CPU
		{B88A53A9-A2FA-4CCC-913F-D1919004971C}.AtualizaGeolocalizacaoFiliais|Any CPU.Build.0 = Release|Any CPU
		{B88A53A9-A2FA-4CCC-913F-D1919004971C}.AtualizaGrupoSOTI|Any CPU.ActiveCfg = Release|Any CPU
		{B88A53A9-A2FA-4CCC-913F-D1919004971C}.AtualizaGrupoSOTI|Any CPU.Build.0 = Release|Any CPU
		{B88A53A9-A2FA-4CCC-913F-D1919004971C}.AtualizaProjecaoLocomocao|Any CPU.ActiveCfg = Release|Any CPU
		{B88A53A9-A2FA-4CCC-913F-D1919004971C}.AtualizaProjecaoLocomocao|Any CPU.Build.0 = Release|Any CPU
		{B88A53A9-A2FA-4CCC-913F-D1919004971C}.BloquearLocalizacaoCliente|Any CPU.ActiveCfg = Release|Any CPU
		{B88A53A9-A2FA-4CCC-913F-D1919004971C}.BloquearLocalizacaoCliente|Any CPU.Build.0 = Release|Any CPU
		{B88A53A9-A2FA-4CCC-913F-D1919004971C}.BloqueioHorarioSOTI|Any CPU.ActiveCfg = Release|Any CPU
		{B88A53A9-A2FA-4CCC-913F-D1919004971C}.BloqueioHorarioSOTI|Any CPU.Build.0 = Release|Any CPU
		{B88A53A9-A2FA-4CCC-913F-D1919004971C}.CancelaVenda|Any CPU.ActiveCfg = Release|Any CPU
		{B88A53A9-A2FA-4CCC-913F-D1919004971C}.CancelaVenda|Any CPU.Build.0 = Release|Any CPU
		{B88A53A9-A2FA-4CCC-913F-D1919004971C}.ChamadoAgendamento|Any CPU.ActiveCfg = Release|Any CPU
		{B88A53A9-A2FA-4CCC-913F-D1919004971C}.ChamadoAgendamento|Any CPU.Build.0 = Release|Any CPU
		{B88A53A9-A2FA-4CCC-913F-D1919004971C}.Cobranca|Any CPU.ActiveCfg = Release|Any CPU
		{B88A53A9-A2FA-4CCC-913F-D1919004971C}.Cobranca|Any CPU.Build.0 = Release|Any CPU
		{B88A53A9-A2FA-4CCC-913F-D1919004971C}.Debug|Any CPU.ActiveCfg = Debug|Any CPU
		{B88A53A9-A2FA-4CCC-913F-D1919004971C}.Debug|Any CPU.Build.0 = Debug|Any CPU
		{B88A53A9-A2FA-4CCC-913F-D1919004971C}.EncerraChamado|Any CPU.ActiveCfg = Release|Any CPU
		{B88A53A9-A2FA-4CCC-913F-D1919004971C}.EncerraChamado|Any CPU.Build.0 = Release|Any CPU
		{B88A53A9-A2FA-4CCC-913F-D1919004971C}.GeraCobranca|Any CPU.ActiveCfg = Release|Any CPU
		{B88A53A9-A2FA-4CCC-913F-D1919004971C}.GeraCobranca|Any CPU.Build.0 = Release|Any CPU
		{B88A53A9-A2FA-4CCC-913F-D1919004971C}.GeradorChamadoRotaDinamica|Any CPU.ActiveCfg = Release|Any CPU
		{B88A53A9-A2FA-4CCC-913F-D1919004971C}.GeradorChamadoRotaDinamica|Any CPU.Build.0 = Release|Any CPU
		{B88A53A9-A2FA-4CCC-913F-D1919004971C}.GeradorEmailProdutosSemCadastro|Any CPU.ActiveCfg = Release|Any CPU
		{B88A53A9-A2FA-4CCC-913F-D1919004971C}.GeradorEmailProdutosSemCadastro|Any CPU.Build.0 = Release|Any CPU
		{B88A53A9-A2FA-4CCC-913F-D1919004971C}.InjetorAluguel|Any CPU.ActiveCfg = Release|Any CPU
		{B88A53A9-A2FA-4CCC-913F-D1919004971C}.InjetorAluguel|Any CPU.Build.0 = Release|Any CPU
		{B88A53A9-A2FA-4CCC-913F-D1919004971C}.IntegrarDescontosSGV|Any CPU.ActiveCfg = Release|Any CPU
		{B88A53A9-A2FA-4CCC-913F-D1919004971C}.IntegrarDescontosSGV|Any CPU.Build.0 = Release|Any CPU
		{B88A53A9-A2FA-4CCC-913F-D1919004971C}.JobAtualizaQuilometragemRota|Any CPU.ActiveCfg = Release|Any CPU
		{B88A53A9-A2FA-4CCC-913F-D1919004971C}.JobAtualizaQuilometragemRota|Any CPU.Build.0 = Release|Any CPU
		{B88A53A9-A2FA-4CCC-913F-D1919004971C}.JobPopulaTabelaDistanciaCliente|Any CPU.ActiveCfg = Release|Any CPU
		{B88A53A9-A2FA-4CCC-913F-D1919004971C}.JobPopulaTabelaDistanciaCliente|Any CPU.Build.0 = Release|Any CPU
		{B88A53A9-A2FA-4CCC-913F-D1919004971C}.JobPopulaTabelaDistanciaRotaRealizada|Any CPU.ActiveCfg = Release|Any CPU
		{B88A53A9-A2FA-4CCC-913F-D1919004971C}.JobPopulaTabelaDistanciaRotaRealizada|Any CPU.Build.0 = Release|Any CPU
		{B88A53A9-A2FA-4CCC-913F-D1919004971C}.LembreteChamado|Any CPU.ActiveCfg = Release|Any CPU
		{B88A53A9-A2FA-4CCC-913F-D1919004971C}.LembreteChamado|Any CPU.Build.0 = Release|Any CPU
		{B88A53A9-A2FA-4CCC-913F-D1919004971C}.Pistolagem|Any CPU.ActiveCfg = Release|Any CPU
		{B88A53A9-A2FA-4CCC-913F-D1919004971C}.Pistolagem|Any CPU.Build.0 = Release|Any CPU
		{B88A53A9-A2FA-4CCC-913F-D1919004971C}.Planner|Any CPU.ActiveCfg = Release|Any CPU
		{B88A53A9-A2FA-4CCC-913F-D1919004971C}.Planner|Any CPU.Build.0 = Release|Any CPU
		{B88A53A9-A2FA-4CCC-913F-D1919004971C}.ProcessaKmPlanejadoBase|Any CPU.ActiveCfg = Release|Any CPU
		{B88A53A9-A2FA-4CCC-913F-D1919004971C}.ProcessaKmPlanejadoBase|Any CPU.Build.0 = Release|Any CPU
		{B88A53A9-A2FA-4CCC-913F-D1919004971C}.ProcessaKmRota|Any CPU.ActiveCfg = Release|Any CPU
		{B88A53A9-A2FA-4CCC-913F-D1919004971C}.ProcessaKmRota|Any CPU.Build.0 = Release|Any CPU
		{B88A53A9-A2FA-4CCC-913F-D1919004971C}.Release|Any CPU.ActiveCfg = Release|Any CPU
		{B88A53A9-A2FA-4CCC-913F-D1919004971C}.Release|Any CPU.Build.0 = Release|Any CPU
		{B88A53A9-A2FA-4CCC-913F-D1919004971C}.TelemetriaLocalizacaoSOTI|Any CPU.ActiveCfg = Release|Any CPU
		{B88A53A9-A2FA-4CCC-913F-D1919004971C}.TelemetriaLocalizacaoSOTI|Any CPU.Build.0 = Release|Any CPU
		{B88A53A9-A2FA-4CCC-913F-D1919004971C}.VendasAppEnrtregador|Any CPU.ActiveCfg = Release|Any CPU
		{B88A53A9-A2FA-4CCC-913F-D1919004971C}.VendasAppEnrtregador|Any CPU.Build.0 = Release|Any CPU
		{B88A53A9-A2FA-4CCC-913F-D1919004971C}.VerificaLancamentoFundoFixo|Any CPU.ActiveCfg = Release|Any CPU
		{B88A53A9-A2FA-4CCC-913F-D1919004971C}.VerificaLancamentoFundoFixo|Any CPU.Build.0 = Release|Any CPU
		{A7BE34EF-E958-426C-B5BC-0844084F7E72}.Alerta_SOTI_10m|Any CPU.ActiveCfg = Alerta_SOTI_10m|Any CPU
		{A7BE34EF-E958-426C-B5BC-0844084F7E72}.Alerta_SOTI_10m|Any CPU.Build.0 = Alerta_SOTI_10m|Any CPU
		{A7BE34EF-E958-426C-B5BC-0844084F7E72}.Alerta_SOTI_30m|Any CPU.ActiveCfg = Alerta_SOTI_30m|Any CPU
		{A7BE34EF-E958-426C-B5BC-0844084F7E72}.Alerta_SOTI_30m|Any CPU.Build.0 = Alerta_SOTI_30m|Any CPU
		{A7BE34EF-E958-426C-B5BC-0844084F7E72}.AlertaRegistroPontoBloqueio|Any CPU.ActiveCfg = AlertaRegistroPontoBloqueio|Any CPU
		{A7BE34EF-E958-426C-B5BC-0844084F7E72}.AlertaRegistroPontoBloqueio|Any CPU.Build.0 = AlertaRegistroPontoBloqueio|Any CPU
		{A7BE34EF-E958-426C-B5BC-0844084F7E72}.AtualizaGeoColaboradores|Any CPU.ActiveCfg = AtualizaGeoColaboradores|Any CPU
		{A7BE34EF-E958-426C-B5BC-0844084F7E72}.AtualizaGeoColaboradores|Any CPU.Build.0 = AtualizaGeoColaboradores|Any CPU
		{A7BE34EF-E958-426C-B5BC-0844084F7E72}.AtualizaGeoCoordenadaClientes|Any CPU.ActiveCfg = AtualizaGeoCoordenadaClientes|Any CPU
		{A7BE34EF-E958-426C-B5BC-0844084F7E72}.AtualizaGeoCoordenadaClientes|Any CPU.Build.0 = AtualizaGeoCoordenadaClientes|Any CPU
		{A7BE34EF-E958-426C-B5BC-0844084F7E72}.AtualizaGeolocalizacaoColaboradores|Any CPU.ActiveCfg = AtualizaGeolocalizacaoColaboradores|Any CPU
		{A7BE34EF-E958-426C-B5BC-0844084F7E72}.AtualizaGeolocalizacaoColaboradores|Any CPU.Build.0 = AtualizaGeolocalizacaoColaboradores|Any CPU
		{A7BE34EF-E958-426C-B5BC-0844084F7E72}.AtualizaGeolocalizacaoFiliais|Any CPU.ActiveCfg = AtualizaGeolocalizacaoFiliais|Any CPU
		{A7BE34EF-E958-426C-B5BC-0844084F7E72}.AtualizaGeolocalizacaoFiliais|Any CPU.Build.0 = AtualizaGeolocalizacaoFiliais|Any CPU
		{A7BE34EF-E958-426C-B5BC-0844084F7E72}.AtualizaGrupoSOTI|Any CPU.ActiveCfg = AtualizaGrupoSOTI|Any CPU
		{A7BE34EF-E958-426C-B5BC-0844084F7E72}.AtualizaGrupoSOTI|Any CPU.Build.0 = AtualizaGrupoSOTI|Any CPU
		{A7BE34EF-E958-426C-B5BC-0844084F7E72}.AtualizaProjecaoLocomocao|Any CPU.ActiveCfg = AtualizaProjecaoLocomocao|Any CPU
		{A7BE34EF-E958-426C-B5BC-0844084F7E72}.AtualizaProjecaoLocomocao|Any CPU.Build.0 = AtualizaProjecaoLocomocao|Any CPU
		{A7BE34EF-E958-426C-B5BC-0844084F7E72}.BloquearLocalizacaoCliente|Any CPU.ActiveCfg = BloquearLocalizacaoCliente|Any CPU
		{A7BE34EF-E958-426C-B5BC-0844084F7E72}.BloquearLocalizacaoCliente|Any CPU.Build.0 = BloquearLocalizacaoCliente|Any CPU
		{A7BE34EF-E958-426C-B5BC-0844084F7E72}.BloqueioHorarioSOTI|Any CPU.ActiveCfg = BloqueioHorarioSOTI|Any CPU
		{A7BE34EF-E958-426C-B5BC-0844084F7E72}.BloqueioHorarioSOTI|Any CPU.Build.0 = BloqueioHorarioSOTI|Any CPU
		{A7BE34EF-E958-426C-B5BC-0844084F7E72}.CancelaVenda|Any CPU.ActiveCfg = CancelaVenda|Any CPU
		{A7BE34EF-E958-426C-B5BC-0844084F7E72}.CancelaVenda|Any CPU.Build.0 = CancelaVenda|Any CPU
		{A7BE34EF-E958-426C-B5BC-0844084F7E72}.ChamadoAgendamento|Any CPU.ActiveCfg = ChamadoAgendamento|Any CPU
		{A7BE34EF-E958-426C-B5BC-0844084F7E72}.ChamadoAgendamento|Any CPU.Build.0 = ChamadoAgendamento|Any CPU
		{A7BE34EF-E958-426C-B5BC-0844084F7E72}.Cobranca|Any CPU.ActiveCfg = Cobranca|Any CPU
		{A7BE34EF-E958-426C-B5BC-0844084F7E72}.Cobranca|Any CPU.Build.0 = Cobranca|Any CPU
		{A7BE34EF-E958-426C-B5BC-0844084F7E72}.Debug|Any CPU.ActiveCfg = Debug|Any CPU
		{A7BE34EF-E958-426C-B5BC-0844084F7E72}.Debug|Any CPU.Build.0 = Debug|Any CPU
		{A7BE34EF-E958-426C-B5BC-0844084F7E72}.EncerraChamado|Any CPU.ActiveCfg = EncerraChamado|Any CPU
		{A7BE34EF-E958-426C-B5BC-0844084F7E72}.EncerraChamado|Any CPU.Build.0 = EncerraChamado|Any CPU
		{A7BE34EF-E958-426C-B5BC-0844084F7E72}.GeraCobranca|Any CPU.ActiveCfg = GeraCobranca|Any CPU
		{A7BE34EF-E958-426C-B5BC-0844084F7E72}.GeraCobranca|Any CPU.Build.0 = GeraCobranca|Any CPU
		{A7BE34EF-E958-426C-B5BC-0844084F7E72}.GeradorChamadoRotaDinamica|Any CPU.ActiveCfg = GeradorChamadoRotaDinamica|Any CPU
		{A7BE34EF-E958-426C-B5BC-0844084F7E72}.GeradorChamadoRotaDinamica|Any CPU.Build.0 = GeradorChamadoRotaDinamica|Any CPU
		{A7BE34EF-E958-426C-B5BC-0844084F7E72}.GeradorEmailProdutosSemCadastro|Any CPU.ActiveCfg = GeradorEmailProdutosSemCadastro|Any CPU
		{A7BE34EF-E958-426C-B5BC-0844084F7E72}.GeradorEmailProdutosSemCadastro|Any CPU.Build.0 = GeradorEmailProdutosSemCadastro|Any CPU
		{A7BE34EF-E958-426C-B5BC-0844084F7E72}.InjetorAluguel|Any CPU.ActiveCfg = InjetorAluguel|Any CPU
		{A7BE34EF-E958-426C-B5BC-0844084F7E72}.InjetorAluguel|Any CPU.Build.0 = InjetorAluguel|Any CPU
		{A7BE34EF-E958-426C-B5BC-0844084F7E72}.IntegrarDescontosSGV|Any CPU.ActiveCfg = IntegrarDescontosSGV|Any CPU
		{A7BE34EF-E958-426C-B5BC-0844084F7E72}.IntegrarDescontosSGV|Any CPU.Build.0 = IntegrarDescontosSGV|Any CPU
		{A7BE34EF-E958-426C-B5BC-0844084F7E72}.JobAtualizaQuilometragemRota|Any CPU.ActiveCfg = JobAtualizaQuilometragemRota|Any CPU
		{A7BE34EF-E958-426C-B5BC-0844084F7E72}.JobAtualizaQuilometragemRota|Any CPU.Build.0 = JobAtualizaQuilometragemRota|Any CPU
		{A7BE34EF-E958-426C-B5BC-0844084F7E72}.JobPopulaTabelaDistanciaCliente|Any CPU.ActiveCfg = JobPopulaTabelaDistanciaCliente|Any CPU
		{A7BE34EF-E958-426C-B5BC-0844084F7E72}.JobPopulaTabelaDistanciaCliente|Any CPU.Build.0 = JobPopulaTabelaDistanciaCliente|Any CPU
		{A7BE34EF-E958-426C-B5BC-0844084F7E72}.JobPopulaTabelaDistanciaRotaRealizada|Any CPU.ActiveCfg = JobPopulaTabelaDistanciaRotaRealizada|Any CPU
		{A7BE34EF-E958-426C-B5BC-0844084F7E72}.JobPopulaTabelaDistanciaRotaRealizada|Any CPU.Build.0 = JobPopulaTabelaDistanciaRotaRealizada|Any CPU
		{A7BE34EF-E958-426C-B5BC-0844084F7E72}.LembreteChamado|Any CPU.ActiveCfg = LembreteChamado|Any CPU
		{A7BE34EF-E958-426C-B5BC-0844084F7E72}.LembreteChamado|Any CPU.Build.0 = LembreteChamado|Any CPU
		{A7BE34EF-E958-426C-B5BC-0844084F7E72}.Pistolagem|Any CPU.ActiveCfg = Pistolagem|Any CPU
		{A7BE34EF-E958-426C-B5BC-0844084F7E72}.Pistolagem|Any CPU.Build.0 = Pistolagem|Any CPU
		{A7BE34EF-E958-426C-B5BC-0844084F7E72}.Planner|Any CPU.ActiveCfg = Planner|Any CPU
		{A7BE34EF-E958-426C-B5BC-0844084F7E72}.Planner|Any CPU.Build.0 = Planner|Any CPU
		{A7BE34EF-E958-426C-B5BC-0844084F7E72}.ProcessaKmPlanejadoBase|Any CPU.ActiveCfg = ProcessaKmPlanejadoBase|Any CPU
		{A7BE34EF-E958-426C-B5BC-0844084F7E72}.ProcessaKmPlanejadoBase|Any CPU.Build.0 = ProcessaKmPlanejadoBase|Any CPU
		{A7BE34EF-E958-426C-B5BC-0844084F7E72}.ProcessaKmRota|Any CPU.ActiveCfg = ProcessaKmRota|Any CPU
		{A7BE34EF-E958-426C-B5BC-0844084F7E72}.ProcessaKmRota|Any CPU.Build.0 = ProcessaKmRota|Any CPU
		{A7BE34EF-E958-426C-B5BC-0844084F7E72}.Release|Any CPU.ActiveCfg = Release|Any CPU
		{A7BE34EF-E958-426C-B5BC-0844084F7E72}.Release|Any CPU.Build.0 = Release|Any CPU
		{A7BE34EF-E958-426C-B5BC-0844084F7E72}.TelemetriaLocalizacaoSOTI|Any CPU.ActiveCfg = TelemetriaLocalizacaoSOTI|Any CPU
		{A7BE34EF-E958-426C-B5BC-0844084F7E72}.TelemetriaLocalizacaoSOTI|Any CPU.Build.0 = TelemetriaLocalizacaoSOTI|Any CPU
		{A7BE34EF-E958-426C-B5BC-0844084F7E72}.VendasAppEnrtregador|Any CPU.ActiveCfg = VendasAppEnrtregador|Any CPU
		{A7BE34EF-E958-426C-B5BC-0844084F7E72}.VendasAppEnrtregador|Any CPU.Build.0 = VendasAppEnrtregador|Any CPU
		{A7BE34EF-E958-426C-B5BC-0844084F7E72}.VerificaLancamentoFundoFixo|Any CPU.ActiveCfg = VerificaLancamentoFundoFixo|Any CPU
		{A7BE34EF-E958-426C-B5BC-0844084F7E72}.VerificaLancamentoFundoFixo|Any CPU.Build.0 = VerificaLancamentoFundoFixo|Any CPU
	EndGlobalSection
	GlobalSection(SolutionProperties) = preSolution
		HideSolutionNode = FALSE
	EndGlobalSection
	GlobalSection(ExtensibilityGlobals) = postSolution
		SolutionGuid = {C54E35C7-2CF7-48EF-B91D-B7DA0AF55B6C}
	EndGlobalSection
	GlobalSection(TeamFoundationVersionControl) = preSolution
		SccNumberOfProjects = 3
		SccEnterpriseProvider = {4CA58AB2-18FA-4F8D-95D4-32DDF27D184C}
		SccTeamFoundationServer = http://srvtfs:8080/tfs/redeflexcollection
		SccProjectUniqueName0 = ..\\..\\Workspaces\\Projetos\\Dev\\Utilidades\\Utilidades.csproj
		SccProjectName0 = ../Utilidades
		SccLocalPath0 = ..\\..\\Workspaces\\Projetos\\Dev\\Utilidades
		SccLocalPath1 = .
		SccProjectUniqueName2 = JobPageDevFest\\JobPageDevFest.csproj
		SccProjectName2 = JobPageDevFest
		SccLocalPath2 = JobPageDevFest
	EndGlobalSection
EndGlobal
